
Microsoft Visual Studio Solution File, Format Version 12.00
# Visual Studio Version 17
VisualStudioVersion = 17.14.36109.1 d17.14
MinimumVisualStudioVersion = 10.0.40219.1
Project("{FAE04EC0-301F-11D3-BF4B-00C04F79EFBC}") = "TrainMatePro", "TrainMatePro\TrainMatePro.csproj", "{8BB36525-FB38-451A-AF73-8A3227CE4461}"
EndProject
Global
	GlobalSection(SolutionConfigurationPlatforms) = preSolution
		Debug|Any CPU = Debug|Any CPU
		Release|Any CPU = Release|Any CPU
	EndGlobalSection
	GlobalSection(ProjectConfigurationPlatforms) = postSolution
		{8BB36525-FB38-451A-AF73-8A3227CE4461}.Debug|Any CPU.ActiveCfg = Debug|Any CPU
		{8BB36525-FB38-451A-AF73-8A3227CE4461}.Debug|Any CPU.Build.0 = Debug|Any CPU
		{8BB36525-FB38-451A-AF73-8A3227CE4461}.Release|Any CPU.ActiveCfg = Release|Any CPU
		{8BB36525-FB38-451A-AF73-8A3227CE4461}.Release|Any CPU.Build.0 = Release|Any CPU
	EndGlobalSection
	GlobalSection(SolutionProperties) = preSolution
		HideSolutionNode = FALSE
	EndGlobalSection
	GlobalSection(ExtensibilityGlobals) = postSolution
		SolutionGuid = {923E9903-D3DF-407C-9AC8-45AF718C8EEE}
	EndGlobalSection
EndGlobal
